// !$*UTF8*$!
{
	archiveVersion = 1;
	classes = {
	};
	objectVersion = 55;
	objects = {

/* Begin PBXBuildFile section */
		3C622B3828E82C9700F05A9B /* PresentationViewController.swift in Sources */ = {isa = PBXBuildFile; fileRef = 3C622B3728E82C9700F05A9B /* PresentationViewController.swift */; };
		3C622B3A28E8458200F05A9B /* StartupViewController.swift in Sources */ = {isa = PBXBuildFile; fileRef = 3C622B3928E8458200F05A9B /* StartupViewController.swift */; };
		3C622B3C28E8BC5C00F05A9B /* ManageTimetableTableViewCell.swift in Sources */ = {isa = PBXBuildFile; fileRef = 3C622B3B28E8BC5C00F05A9B /* ManageTimetableTableViewCell.swift */; };
		3C6390E028F991CB00CFEB09 /* TimeTable.swift in Sources */ = {isa = PBXBuildFile; fileRef = 3C6390DF28F991CB00CFEB09 /* TimeTable.swift */; };
		3C6F7CCD28DBC33C004F515F /* WeekdayTimetableViewController.swift in Sources */ = {isa = PBXBuildFile; fileRef = 3C6F7CCC28DBC33C004F515F /* WeekdayTimetableViewController.swift */; };
		3C7D6DFF28D8A47000FA1748 /* LessonTableViewCell.swift in Sources */ = {isa = PBXBuildFile; fileRef = 3C7D6DFE28D8A47000FA1748 /* LessonTableViewCell.swift */; };
		3C84BD9A28C1286F00FA2431 /* TomorrowTimetableViewController.swift in Sources */ = {isa = PBXBuildFile; fileRef = 3C84BD9928C1286F00FA2431 /* TomorrowTimetableViewController.swift */; };
		3CB2A39328BD60CE006803E1 /* AppDelegate.swift in Sources */ = {isa = PBXBuildFile; fileRef = 3CB2A39228BD60CE006803E1 /* AppDelegate.swift */; };
		3CB2A39528BD60CE006803E1 /* SceneDelegate.swift in Sources */ = {isa = PBXBuildFile; fileRef = 3CB2A39428BD60CE006803E1 /* SceneDelegate.swift */; };
		3CB2A39728BD60CE006803E1 /* FirstViewController.swift in Sources */ = {isa = PBXBuildFile; fileRef = 3CB2A39628BD60CE006803E1 /* FirstViewController.swift */; };
		3CB2A39A28BD60CE006803E1 /* Main.storyboard in Resources */ = {isa = PBXBuildFile; fileRef = 3CB2A39828BD60CE006803E1 /* Main.storyboard */; };
		3CB2A39C28BD60D2006803E1 /* Assets.xcassets in Resources */ = {isa = PBXBuildFile; fileRef = 3CB2A39B28BD60D2006803E1 /* Assets.xcassets */; };
		3CB2A39F28BD60D2006803E1 /* LaunchScreen.storyboard in Resources */ = {isa = PBXBuildFile; fileRef = 3CB2A39D28BD60D2006803E1 /* LaunchScreen.storyboard */; };
		3CB2A3A728BD6462006803E1 /* NextLessonViewController.swift in Sources */ = {isa = PBXBuildFile; fileRef = 3CB2A3A628BD6462006803E1 /* NextLessonViewController.swift */; };
		3CB2A3A928BD6491006803E1 /* TodayLessonsViewController.swift in Sources */ = {isa = PBXBuildFile; fileRef = 3CB2A3A828BD6491006803E1 /* TodayLessonsViewController.swift */; };
		3CB4467028FC7551002DB8DF /* Functions.swift in Sources */ = {isa = PBXBuildFile; fileRef = 3CB4466F28FC7551002DB8DF /* Functions.swift */; };
		3CB4467928FDDF6C002DB8DF /* SettingsViewController.swift in Sources */ = {isa = PBXBuildFile; fileRef = 3CB4467828FDDF6C002DB8DF /* SettingsViewController.swift */; };
		3CB4467B28FDE4C6002DB8DF /* MusicTableViewCell.swift in Sources */ = {isa = PBXBuildFile; fileRef = 3CB4467A28FDE4C6002DB8DF /* MusicTableViewCell.swift */; };
		3CB4468128FF422A002DB8DF /* Ambient.mp3 in Resources */ = {isa = PBXBuildFile; fileRef = 3CB4468028FF422A002DB8DF /* Ambient.mp3 */; };
		3CB4468328FF4345002DB8DF /* Lofi.mp3 in Resources */ = {isa = PBXBuildFile; fileRef = 3CB4468228FF4345002DB8DF /* Lofi.mp3 */; };
		3CB4468528FF4356002DB8DF /* Piano.mp3 in Resources */ = {isa = PBXBuildFile; fileRef = 3CB4468428FF4356002DB8DF /* Piano.mp3 */; };
		3CDAA3F728DB97A1001B7D24 /* WeekdayCollectionViewCell.swift in Sources */ = {isa = PBXBuildFile; fileRef = 3CDAA3F628DB97A1001B7D24 /* WeekdayCollectionViewCell.swift */; };
		3CDAA3FD28DBA5D9001B7D24 /* FullTimetableCollectionViewController.swift in Sources */ = {isa = PBXBuildFile; fileRef = 3CDAA3FC28DBA5D9001B7D24 /* FullTimetableCollectionViewController.swift */; };
/* End PBXBuildFile section */

/* Begin PBXFileReference section */
		3C622B3728E82C9700F05A9B /* PresentationViewController.swift */ = {isa = PBXFileReference; lastKnownFileType = sourcecode.swift; path = PresentationViewController.swift; sourceTree = "<group>"; };
		3C622B3928E8458200F05A9B /* StartupViewController.swift */ = {isa = PBXFileReference; lastKnownFileType = sourcecode.swift; path = StartupViewController.swift; sourceTree = "<group>"; };
		3C622B3B28E8BC5C00F05A9B /* ManageTimetableTableViewCell.swift */ = {isa = PBXFileReference; lastKnownFileType = sourcecode.swift; path = ManageTimetableTableViewCell.swift; sourceTree = "<group>"; };
		3C6390DF28F991CB00CFEB09 /* TimeTable.swift */ = {isa = PBXFileReference; lastKnownFileType = sourcecode.swift; path = TimeTable.swift; sourceTree = "<group>"; };
		3C6F7CCC28DBC33C004F515F /* WeekdayTimetableViewController.swift */ = {isa = PBXFileReference; lastKnownFileType = sourcecode.swift; path = WeekdayTimetableViewController.swift; sourceTree = "<group>"; };
		3C7D6DFE28D8A47000FA1748 /* LessonTableViewCell.swift */ = {isa = PBXFileReference; lastKnownFileType = sourcecode.swift; path = LessonTableViewCell.swift; sourceTree = "<group>"; };
		3C84BD9928C1286F00FA2431 /* TomorrowTimetableViewController.swift */ = {isa = PBXFileReference; lastKnownFileType = sourcecode.swift; path = TomorrowTimetableViewController.swift; sourceTree = "<group>"; };
		3CB2A38F28BD60CE006803E1 /* timetable.app */ = {isa = PBXFileReference; explicitFileType = wrapper.application; includeInIndex = 0; path = timetable.app; sourceTree = BUILT_PRODUCTS_DIR; };
		3CB2A39228BD60CE006803E1 /* AppDelegate.swift */ = {isa = PBXFileReference; lastKnownFileType = sourcecode.swift; path = AppDelegate.swift; sourceTree = "<group>"; };
		3CB2A39428BD60CE006803E1 /* SceneDelegate.swift */ = {isa = PBXFileReference; lastKnownFileType = sourcecode.swift; path = SceneDelegate.swift; sourceTree = "<group>"; };
		3CB2A39628BD60CE006803E1 /* FirstViewController.swift */ = {isa = PBXFileReference; lastKnownFileType = sourcecode.swift; path = FirstViewController.swift; sourceTree = "<group>"; };
		3CB2A39928BD60CE006803E1 /* Base */ = {isa = PBXFileReference; lastKnownFileType = file.storyboard; name = Base; path = Base.lproj/Main.storyboard; sourceTree = "<group>"; };
		3CB2A39B28BD60D2006803E1 /* Assets.xcassets */ = {isa = PBXFileReference; lastKnownFileType = folder.assetcatalog; path = Assets.xcassets; sourceTree = "<group>"; };
		3CB2A39E28BD60D2006803E1 /* Base */ = {isa = PBXFileReference; lastKnownFileType = file.storyboard; name = Base; path = Base.lproj/LaunchScreen.storyboard; sourceTree = "<group>"; };
		3CB2A3A028BD60D2006803E1 /* Info.plist */ = {isa = PBXFileReference; lastKnownFileType = text.plist.xml; path = Info.plist; sourceTree = "<group>"; };
		3CB2A3A628BD6462006803E1 /* NextLessonViewController.swift */ = {isa = PBXFileReference; lastKnownFileType = sourcecode.swift; path = NextLessonViewController.swift; sourceTree = "<group>"; };
		3CB2A3A828BD6491006803E1 /* TodayLessonsViewController.swift */ = {isa = PBXFileReference; lastKnownFileType = sourcecode.swift; path = TodayLessonsViewController.swift; sourceTree = "<group>"; };
		3CB4466F28FC7551002DB8DF /* Functions.swift */ = {isa = PBXFileReference; lastKnownFileType = sourcecode.swift; path = Functions.swift; sourceTree = "<group>"; };
		3CB4467828FDDF6C002DB8DF /* SettingsViewController.swift */ = {isa = PBXFileReference; lastKnownFileType = sourcecode.swift; path = SettingsViewController.swift; sourceTree = "<group>"; };
		3CB4467A28FDE4C6002DB8DF /* MusicTableViewCell.swift */ = {isa = PBXFileReference; lastKnownFileType = sourcecode.swift; path = MusicTableViewCell.swift; sourceTree = "<group>"; };
		3CB4468028FF422A002DB8DF /* Ambient.mp3 */ = {isa = PBXFileReference; lastKnownFileType = audio.mp3; path = Ambient.mp3; sourceTree = "<group>"; };
		3CB4468228FF4345002DB8DF /* Lofi.mp3 */ = {isa = PBXFileReference; lastKnownFileType = audio.mp3; path = Lofi.mp3; sourceTree = "<group>"; };
		3CB4468428FF4356002DB8DF /* Piano.mp3 */ = {isa = PBXFileReference; lastKnownFileType = audio.mp3; path = Piano.mp3; sourceTree = "<group>"; };
		3CDAA3F628DB97A1001B7D24 /* WeekdayCollectionViewCell.swift */ = {isa = PBXFileReference; lastKnownFileType = sourcecode.swift; path = WeekdayCollectionViewCell.swift; sourceTree = "<group>"; };
		3CDAA3FC28DBA5D9001B7D24 /* FullTimetableCollectionViewController.swift */ = {isa = PBXFileReference; lastKnownFileType = sourcecode.swift; path = FullTimetableCollectionViewController.swift; sourceTree = "<group>"; };
/* End PBXFileReference section */

/* Begin PBXFrameworksBuildPhase section */
		3CB2A38C28BD60CE006803E1 /* Frameworks */ = {
			isa = PBXFrameworksBuildPhase;
			buildActionMask = 2147483647;
			files = (
			);
			runOnlyForDeploymentPostprocessing = 0;
		};
/* End PBXFrameworksBuildPhase section */

/* Begin PBXGroup section */
		3C6390C928F8349400CFEB09 /* Once Call Instruction */ = {
			isa = PBXGroup;
			children = (
				3C622B3728E82C9700F05A9B /* PresentationViewController.swift */,
				3C622B3928E8458200F05A9B /* StartupViewController.swift */,
			);
			path = "Once Call Instruction";
			sourceTree = "<group>";
		};
		3C6390CA28F834E600CFEB09 /* Timetable */ = {
			isa = PBXGroup;
			children = (
				3CB2A3A828BD6491006803E1 /* TodayLessonsViewController.swift */,
				3C84BD9928C1286F00FA2431 /* TomorrowTimetableViewController.swift */,
				3CDAA3FC28DBA5D9001B7D24 /* FullTimetableCollectionViewController.swift */,
				3C6F7CCC28DBC33C004F515F /* WeekdayTimetableViewController.swift */,
			);
			path = Timetable;
			sourceTree = "<group>";
		};
		3C6390CB28F8350C00CFEB09 /* Helpers */ = {
			isa = PBXGroup;
			children = (
				3CB4466F28FC7551002DB8DF /* Functions.swift */,
				3C6390DF28F991CB00CFEB09 /* TimeTable.swift */,
				3C7D6DFE28D8A47000FA1748 /* LessonTableViewCell.swift */,
				3CDAA3F628DB97A1001B7D24 /* WeekdayCollectionViewCell.swift */,
				3CB4467A28FDE4C6002DB8DF /* MusicTableViewCell.swift */,
			);
			path = Helpers;
			sourceTree = "<group>";
		};
		3CB2A38628BD60CE006803E1 = {
			isa = PBXGroup;
			children = (
				3CB2A39128BD60CE006803E1 /* timetable */,
				3CB2A39028BD60CE006803E1 /* Products */,
			);
			sourceTree = "<group>";
		};
		3CB2A39028BD60CE006803E1 /* Products */ = {
			isa = PBXGroup;
			children = (
				3CB2A38F28BD60CE006803E1 /* timetable.app */,
			);
			name = Products;
			sourceTree = "<group>";
		};
		3CB2A39128BD60CE006803E1 /* timetable */ = {
			isa = PBXGroup;
			children = (
				3CB2A39228BD60CE006803E1 /* AppDelegate.swift */,
				3CB2A39428BD60CE006803E1 /* SceneDelegate.swift */,
				3CB2A39628BD60CE006803E1 /* FirstViewController.swift */,
				3C622B3B28E8BC5C00F05A9B /* ManageTimetableTableViewCell.swift */,
				3CB4467828FDDF6C002DB8DF /* SettingsViewController.swift */,
				3C6390CA28F834E600CFEB09 /* Timetable */,
				3C6390C928F8349400CFEB09 /* Once Call Instruction */,
				3C6390CB28F8350C00CFEB09 /* Helpers */,
				3CB4467728FDDE27002DB8DF /* music */,
				3CF0F922291573E4000A0FE7 /* delete later */,
				3CB2A39828BD60CE006803E1 /* Main.storyboard */,
				3CB2A39B28BD60D2006803E1 /* Assets.xcassets */,
				3CB2A39D28BD60D2006803E1 /* LaunchScreen.storyboard */,
				3CB2A3A028BD60D2006803E1 /* Info.plist */,
			);
			path = timetable;
			sourceTree = "<group>";
		};
		3CB4467728FDDE27002DB8DF /* music */ = {
			isa = PBXGroup;
			children = (
				3CB4468028FF422A002DB8DF /* Ambient.mp3 */,
				3CB4468228FF4345002DB8DF /* Lofi.mp3 */,
				3CB4468428FF4356002DB8DF /* Piano.mp3 */,
			);
			path = music;
			sourceTree = "<group>";
		};
		3CF0F922291573E4000A0FE7 /* delete later */ = {
			isa = PBXGroup;
			children = (
				3CB2A3A628BD6462006803E1 /* NextLessonViewController.swift */,
			);
			path = "delete later";
			sourceTree = "<group>";
		};
/* End PBXGroup section */

/* Begin PBXNativeTarget section */
		3CB2A38E28BD60CE006803E1 /* timetable */ = {
			isa = PBXNativeTarget;
			buildConfigurationList = 3CB2A3A328BD60D2006803E1 /* Build configuration list for PBXNativeTarget "timetable" */;
			buildPhases = (
				3CB2A38B28BD60CE006803E1 /* Sources */,
				3CB2A38C28BD60CE006803E1 /* Frameworks */,
				3CB2A38D28BD60CE006803E1 /* Resources */,
			);
			buildRules = (
			);
			dependencies = (
			);
			name = timetable;
			productName = timetable;
			productReference = 3CB2A38F28BD60CE006803E1 /* timetable.app */;
			productType = "com.apple.product-type.application";
		};
/* End PBXNativeTarget section */

/* Begin PBXProject section */
		3CB2A38728BD60CE006803E1 /* Project object */ = {
			isa = PBXProject;
			attributes = {
				BuildIndependentTargetsInParallel = 1;
				LastSwiftUpdateCheck = 1340;
				LastUpgradeCheck = 1340;
				TargetAttributes = {
					3CB2A38E28BD60CE006803E1 = {
						CreatedOnToolsVersion = 13.4.1;
					};
				};
			};
			buildConfigurationList = 3CB2A38A28BD60CE006803E1 /* Build configuration list for PBXProject "timetable" */;
			compatibilityVersion = "Xcode 13.0";
			developmentRegion = en;
			hasScannedForEncodings = 0;
			knownRegions = (
				en,
				Base,
			);
			mainGroup = 3CB2A38628BD60CE006803E1;
			productRefGroup = 3CB2A39028BD60CE006803E1 /* Products */;
			projectDirPath = "";
			projectRoot = "";
			targets = (
				3CB2A38E28BD60CE006803E1 /* timetable */,
			);
		};
/* End PBXProject section */

/* Begin PBXResourcesBuildPhase section */
		3CB2A38D28BD60CE006803E1 /* Resources */ = {
			isa = PBXResourcesBuildPhase;
			buildActionMask = 2147483647;
			files = (
				3CB4468128FF422A002DB8DF /* Ambient.mp3 in Resources */,
				3CB4468328FF4345002DB8DF /* Lofi.mp3 in Resources */,
				3CB4468528FF4356002DB8DF /* Piano.mp3 in Resources */,
				3CB2A39F28BD60D2006803E1 /* LaunchScreen.storyboard in Resources */,
				3CB2A39C28BD60D2006803E1 /* Assets.xcassets in Resources */,
				3CB2A39A28BD60CE006803E1 /* Main.storyboard in Resources */,
			);
			runOnlyForDeploymentPostprocessing = 0;
		};
/* End PBXResourcesBuildPhase section */

/* Begin PBXSourcesBuildPhase section */
		3CB2A38B28BD60CE006803E1 /* Sources */ = {
			isa = PBXSourcesBuildPhase;
			buildActionMask = 2147483647;
			files = (
				3CB2A39728BD60CE006803E1 /* FirstViewController.swift in Sources */,
				3C6390E028F991CB00CFEB09 /* TimeTable.swift in Sources */,
				3CB2A39328BD60CE006803E1 /* AppDelegate.swift in Sources */,
				3C622B3A28E8458200F05A9B /* StartupViewController.swift in Sources */,
				3CDAA3FD28DBA5D9001B7D24 /* FullTimetableCollectionViewController.swift in Sources */,
				3C622B3828E82C9700F05A9B /* PresentationViewController.swift in Sources */,
				3CB2A3A928BD6491006803E1 /* TodayLessonsViewController.swift in Sources */,
				3CB4467928FDDF6C002DB8DF /* SettingsViewController.swift in Sources */,
				3C6F7CCD28DBC33C004F515F /* WeekdayTimetableViewController.swift in Sources */,
				3CB4467028FC7551002DB8DF /* Functions.swift in Sources */,
				3C622B3C28E8BC5C00F05A9B /* ManageTimetableTableViewCell.swift in Sources */,
				3C7D6DFF28D8A47000FA1748 /* LessonTableViewCell.swift in Sources */,
				3CB2A39528BD60CE006803E1 /* SceneDelegate.swift in Sources */,
				3CDAA3F728DB97A1001B7D24 /* WeekdayCollectionViewCell.swift in Sources */,
				3C84BD9A28C1286F00FA2431 /* TomorrowTimetableViewController.swift in Sources */,
				3CB4467B28FDE4C6002DB8DF /* MusicTableViewCell.swift in Sources */,
				3CB2A3A728BD6462006803E1 /* NextLessonViewController.swift in Sources */,
			);
			runOnlyForDeploymentPostprocessing = 0;
		};
/* End PBXSourcesBuildPhase section */

/* Begin PBXVariantGroup section */
		3CB2A39828BD60CE006803E1 /* Main.storyboard */ = {
			isa = PBXVariantGroup;
			children = (
				3CB2A39928BD60CE006803E1 /* Base */,
			);
			name = Main.storyboard;
			sourceTree = "<group>";
		};
		3CB2A39D28BD60D2006803E1 /* LaunchScreen.storyboard */ = {
			isa = PBXVariantGroup;
			children = (
				3CB2A39E28BD60D2006803E1 /* Base */,
			);
			name = LaunchScreen.storyboard;
			sourceTree = "<group>";
		};
/* End PBXVariantGroup section */

/* Begin XCBuildConfiguration section */
		3CB2A3A128BD60D2006803E1 /* Debug */ = {
			isa = XCBuildConfiguration;
			buildSettings = {
				ALWAYS_SEARCH_USER_PATHS = NO;
				CLANG_ANALYZER_NONNULL = YES;
				CLANG_ANALYZER_NUMBER_OBJECT_CONVERSION = YES_AGGRESSIVE;
				CLANG_CXX_LANGUAGE_STANDARD = "gnu++17";
				CLANG_ENABLE_MODULES = YES;
				CLANG_ENABLE_OBJC_ARC = YES;
				CLANG_ENABLE_OBJC_WEAK = YES;
				CLANG_WARN_BLOCK_CAPTURE_AUTORELEASING = YES;
				CLANG_WARN_BOOL_CONVERSION = YES;
				CLANG_WARN_COMMA = YES;
				CLANG_WARN_CONSTANT_CONVERSION = YES;
				CLANG_WARN_DEPRECATED_OBJC_IMPLEMENTATIONS = YES;
				CLANG_WARN_DIRECT_OBJC_ISA_USAGE = YES_ERROR;
				CLANG_WARN_DOCUMENTATION_COMMENTS = YES;
				CLANG_WARN_EMPTY_BODY = YES;
				CLANG_WARN_ENUM_CONVERSION = YES;
				CLANG_WARN_INFINITE_RECURSION = YES;
				CLANG_WARN_INT_CONVERSION = YES;
				CLANG_WARN_NON_LITERAL_NULL_CONVERSION = YES;
				CLANG_WARN_OBJC_IMPLICIT_RETAIN_SELF = YES;
				CLANG_WARN_OBJC_LITERAL_CONVERSION = YES;
				CLANG_WARN_OBJC_ROOT_CLASS = YES_ERROR;
				CLANG_WARN_QUOTED_INCLUDE_IN_FRAMEWORK_HEADER = YES;
				CLANG_WARN_RANGE_LOOP_ANALYSIS = YES;
				CLANG_WARN_STRICT_PROTOTYPES = YES;
				CLANG_WARN_SUSPICIOUS_MOVE = YES;
				CLANG_WARN_UNGUARDED_AVAILABILITY = YES_AGGRESSIVE;
				CLANG_WARN_UNREACHABLE_CODE = YES;
				CLANG_WARN__DUPLICATE_METHOD_MATCH = YES;
				COPY_PHASE_STRIP = NO;
				DEBUG_INFORMATION_FORMAT = dwarf;
				ENABLE_STRICT_OBJC_MSGSEND = YES;
				ENABLE_TESTABILITY = YES;
				GCC_C_LANGUAGE_STANDARD = gnu11;
				GCC_DYNAMIC_NO_PIC = NO;
				GCC_NO_COMMON_BLOCKS = YES;
				GCC_OPTIMIZATION_LEVEL = 0;
				GCC_PREPROCESSOR_DEFINITIONS = (
					"DEBUG=1",
					"$(inherited)",
				);
				GCC_WARN_64_TO_32_BIT_CONVERSION = YES;
				GCC_WARN_ABOUT_RETURN_TYPE = YES_ERROR;
				GCC_WARN_UNDECLARED_SELECTOR = YES;
				GCC_WARN_UNINITIALIZED_AUTOS = YES_AGGRESSIVE;
				GCC_WARN_UNUSED_FUNCTION = YES;
				GCC_WARN_UNUSED_VARIABLE = YES;
				IPHONEOS_DEPLOYMENT_TARGET = 15.5;
				MTL_ENABLE_DEBUG_INFO = INCLUDE_SOURCE;
				MTL_FAST_MATH = YES;
				ONLY_ACTIVE_ARCH = YES;
				SDKROOT = iphoneos;
				SWIFT_ACTIVE_COMPILATION_CONDITIONS = DEBUG;
				SWIFT_OPTIMIZATION_LEVEL = "-Onone";
			};
			name = Debug;
		};
		3CB2A3A228BD60D2006803E1 /* Release */ = {
			isa = XCBuildConfiguration;
			buildSettings = {
				ALWAYS_SEARCH_USER_PATHS = NO;
				CLANG_ANALYZER_NONNULL = YES;
				CLANG_ANALYZER_NUMBER_OBJECT_CONVERSION = YES_AGGRESSIVE;
				CLANG_CXX_LANGUAGE_STANDARD = "gnu++17";
				CLANG_ENABLE_MODULES = YES;
				CLANG_ENABLE_OBJC_ARC = YES;
				CLANG_ENABLE_OBJC_WEAK = YES;
				CLANG_WARN_BLOCK_CAPTURE_AUTORELEASING = YES;
				CLANG_WARN_BOOL_CONVERSION = YES;
				CLANG_WARN_COMMA = YES;
				CLANG_WARN_CONSTANT_CONVERSION = YES;
				CLANG_WARN_DEPRECATED_OBJC_IMPLEMENTATIONS = YES;
				CLANG_WARN_DIRECT_OBJC_ISA_USAGE = YES_ERROR;
				CLANG_WARN_DOCUMENTATION_COMMENTS = YES;
				CLANG_WARN_EMPTY_BODY = YES;
				CLANG_WARN_ENUM_CONVERSION = YES;
				CLANG_WARN_INFINITE_RECURSION = YES;
				CLANG_WARN_INT_CONVERSION = YES;
				CLANG_WARN_NON_LITERAL_NULL_CONVERSION = YES;
				CLANG_WARN_OBJC_IMPLICIT_RETAIN_SELF = YES;
				CLANG_WARN_OBJC_LITERAL_CONVERSION = YES;
				CLANG_WARN_OBJC_ROOT_CLASS = YES_ERROR;
				CLANG_WARN_QUOTED_INCLUDE_IN_FRAMEWORK_HEADER = YES;
				CLANG_WARN_RANGE_LOOP_ANALYSIS = YES;
				CLANG_WARN_STRICT_PROTOTYPES = YES;
				CLANG_WARN_SUSPICIOUS_MOVE = YES;
				CLANG_WARN_UNGUARDED_AVAILABILITY = YES_AGGRESSIVE;
				CLANG_WARN_UNREACHABLE_CODE = YES;
				CLANG_WARN__DUPLICATE_METHOD_MATCH = YES;
				COPY_PHASE_STRIP = NO;
				DEBUG_INFORMATION_FORMAT = "dwarf-with-dsym";
				ENABLE_NS_ASSERTIONS = NO;
				ENABLE_STRICT_OBJC_MSGSEND = YES;
				GCC_C_LANGUAGE_STANDARD = gnu11;
				GCC_NO_COMMON_BLOCKS = YES;
				GCC_WARN_64_TO_32_BIT_CONVERSION = YES;
				GCC_WARN_ABOUT_RETURN_TYPE = YES_ERROR;
				GCC_WARN_UNDECLARED_SELECTOR = YES;
				GCC_WARN_UNINITIALIZED_AUTOS = YES_AGGRESSIVE;
				GCC_WARN_UNUSED_FUNCTION = YES;
				GCC_WARN_UNUSED_VARIABLE = YES;
				IPHONEOS_DEPLOYMENT_TARGET = 15.5;
				MTL_ENABLE_DEBUG_INFO = NO;
				MTL_FAST_MATH = YES;
				SDKROOT = iphoneos;
				SWIFT_COMPILATION_MODE = wholemodule;
				SWIFT_OPTIMIZATION_LEVEL = "-O";
				VALIDATE_PRODUCT = YES;
			};
			name = Release;
		};
		3CB2A3A428BD60D2006803E1 /* Debug */ = {
			isa = XCBuildConfiguration;
			buildSettings = {
				ASSETCATALOG_COMPILER_APPICON_NAME = AppIcon;
				ASSETCATALOG_COMPILER_GLOBAL_ACCENT_COLOR_NAME = AccentColor;
				CODE_SIGN_STYLE = Automatic;
				CURRENT_PROJECT_VERSION = 2;
				DEVELOPMENT_TEAM = JLC9YVG32L;
				GENERATE_INFOPLIST_FILE = YES;
				INFOPLIST_FILE = timetable/Info.plist;
				INFOPLIST_KEY_UIApplicationSupportsIndirectInputEvents = YES;
				INFOPLIST_KEY_UILaunchStoryboardName = LaunchScreen;
				INFOPLIST_KEY_UIMainStoryboardFile = Main;
				INFOPLIST_KEY_UISupportedInterfaceOrientations = UIInterfaceOrientationPortrait;
				INFOPLIST_KEY_UISupportedInterfaceOrientations_iPad = "UIInterfaceOrientationPortrait UIInterfaceOrientationPortraitUpsideDown UIInterfaceOrientationLandscapeLeft UIInterfaceOrientationLandscapeRight";
				INFOPLIST_KEY_UISupportedInterfaceOrientations_iPhone = "UIInterfaceOrientationPortrait UIInterfaceOrientationLandscapeLeft UIInterfaceOrientationLandscapeRight";
				INFOPLIST_KEY_UIUserInterfaceStyle = Light;
				IPHONEOS_DEPLOYMENT_TARGET = 15.2;
				LD_RUNPATH_SEARCH_PATHS = (
					"$(inherited)",
					"@executable_path/Frameworks",
				);
				MARKETING_VERSION = 1.0;
				PRODUCT_BUNDLE_IDENTIFIER = "Andrey-Hudik.timetable";
				PRODUCT_NAME = "$(TARGET_NAME)";
				SWIFT_EMIT_LOC_STRINGS = YES;
				SWIFT_VERSION = 5.0;
				TARGETED_DEVICE_FAMILY = 1;
			};
			name = Debug;
		};
		3CB2A3A528BD60D2006803E1 /* Release */ = {
			isa = XCBuildConfiguration;
			buildSettings = {
				ASSETCATALOG_COMPILER_APPICON_NAME = AppIcon;
				ASSETCATALOG_COMPILER_GLOBAL_ACCENT_COLOR_NAME = AccentColor;
				CODE_SIGN_STYLE = Automatic;
				CURRENT_PROJECT_VERSION = 2;
				DEVELOPMENT_TEAM = JLC9YVG32L;
				GENERATE_INFOPLIST_FILE = YES;
				INFOPLIST_FILE = timetable/Info.plist;
				INFOPLIST_KEY_UIApplicationSupportsIndirectInputEvents = YES;
				INFOPLIST_KEY_UILaunchStoryboardName = LaunchScreen;
				INFOPLIST_KEY_UIMainStoryboardFile = Main;
				INFOPLIST_KEY_UISupportedInterfaceOrientations = UIInterfaceOrientationPortrait;
				INFOPLIST_KEY_UISupportedInterfaceOrientations_iPad = "UIInterfaceOrientationPortrait UIInterfaceOrientationPortraitUpsideDown UIInterfaceOrientationLandscapeLeft UIInterfaceOrientationLandscapeRight";
				INFOPLIST_KEY_UISupportedInterfaceOrientations_iPhone = "UIInterfaceOrientationPortrait UIInterfaceOrientationLandscapeLeft UIInterfaceOrientationLandscapeRight";
				INFOPLIST_KEY_UIUserInterfaceStyle = Light;
				IPHONEOS_DEPLOYMENT_TARGET = 15.2;
				LD_RUNPATH_SEARCH_PATHS = (
					"$(inherited)",
					"@executable_path/Frameworks",
				);
				MARKETING_VERSION = 1.0;
				PRODUCT_BUNDLE_IDENTIFIER = "Andrey-Hudik.timetable";
				PRODUCT_NAME = "$(TARGET_NAME)";
				SWIFT_EMIT_LOC_STRINGS = YES;
				SWIFT_VERSION = 5.0;
				TARGETED_DEVICE_FAMILY = 1;
			};
			name = Release;
		};
/* End XCBuildConfiguration section */

/* Begin XCConfigurationList section */
		3CB2A38A28BD60CE006803E1 /* Build configuration list for PBXProject "timetable" */ = {
			isa = XCConfigurationList;
			buildConfigurations = (
				3CB2A3A128BD60D2006803E1 /* Debug */,
				3CB2A3A228BD60D2006803E1 /* Release */,
			);
			defaultConfigurationIsVisible = 0;
			defaultConfigurationName = Release;
		};
		3CB2A3A328BD60D2006803E1 /* Build configuration list for PBXNativeTarget "timetable" */ = {
			isa = XCConfigurationList;
			buildConfigurations = (
				3CB2A3A428BD60D2006803E1 /* Debug */,
				3CB2A3A528BD60D2006803E1 /* Release */,
			);
			defaultConfigurationIsVisible = 0;
			defaultConfigurationName = Release;
		};
/* End XCConfigurationList section */
	};
	rootObject = 3CB2A38728BD60CE006803E1 /* Project object */;
}
